
Microsoft Visual Studio Solution File, Format Version 12.00
# Visual Studio Version 16
VisualStudioVersion = 16.0.32126.315
MinimumVisualStudioVersion = 10.0.40219.1
Project("{FAE04EC0-301F-11D3-BF4B-00C04F79EFBC}") = "WindowsFormsApp7", "WindowsFormsApp7\WindowsFormsApp7.csproj", "{C23F80C8-D676-4740-B028-5E3C528D1315}"
EndProject
Global
	GlobalSection(SolutionConfigurationPlatforms) = preSolution
		Debug|Any CPU = Debug|Any CPU
		Release|Any CPU = Release|Any CPU
	EndGlobalSection
	GlobalSection(ProjectConfigurationPlatforms) = postSolution
		{C23F80C8-D676-4740-B028-5E3C528D1315}.Debug|Any CPU.ActiveCfg = Debug|Any CPU
		{C23F80C8-D676-4740-B028-5E3C528D1315}.Debug|Any CPU.Build.0 = Debug|Any CPU
		{C23F80C8-D676-4740-B028-5E3C528D1315}.Release|Any CPU.ActiveCfg = Release|Any CPU
		{C23F80C8-D676-4740-B028-5E3C528D1315}.Release|Any CPU.Build.0 = Release|Any CPU
	EndGlobalSection
	GlobalSection(SolutionProperties) = preSolution
		HideSolutionNode = FALSE
	EndGlobalSection
	GlobalSection(ExtensibilityGlobals) = postSolution
		SolutionGuid = {208A144A-E54D-40E9-A657-4B8DDC0FBD12}
	EndGlobalSection
EndGlobal
